// !$*UTF8*$!
{
	archiveVersion = 1;
	classes = {
	};
	objectVersion = 46;
	objects = {

/* Begin PBXBuildFile section */
		EF1A59251A06761800001AE0 /* QSTimeCollectionViewCell.m in Sources */ = {isa = PBXBuildFile; fileRef = EF1A591E1A06761800001AE0 /* QSTimeCollectionViewCell.m */; };
		EF1A59261A06761800001AE0 /* QSTimeCollectionViewCell.xib in Resources */ = {isa = PBXBuildFile; fileRef = EF1A591F1A06761800001AE0 /* QSTimeCollectionViewCell.xib */; };
		EF1A59271A06761800001AE0 /* QSWaterFallCollectionViewCell.m in Sources */ = {isa = PBXBuildFile; fileRef = EF1A59211A06761800001AE0 /* QSWaterFallCollectionViewCell.m */; };
		EF1A59281A06761800001AE0 /* QSWaterFallCollectionViewCell.xib in Resources */ = {isa = PBXBuildFile; fileRef = EF1A59221A06761800001AE0 /* QSWaterFallCollectionViewCell.xib */; };
		EF1A59291A06761800001AE0 /* QSWaterFallCollectionViewLayout.m in Sources */ = {isa = PBXBuildFile; fileRef = EF1A59241A06761800001AE0 /* QSWaterFallCollectionViewLayout.m */; };
		EF1A592C1A06763000001AE0 /* QSRootViewController.m in Sources */ = {isa = PBXBuildFile; fileRef = EF1A592B1A06763000001AE0 /* QSRootViewController.m */; };
		EF8AB6601A07D20500372538 /* QSModelDetailViewController.m in Sources */ = {isa = PBXBuildFile; fileRef = EF8AB65E1A07D20500372538 /* QSModelDetailViewController.m */; };
		EF8AB6631A07D21D00372538 /* QSModelListViewController.m in Sources */ = {isa = PBXBuildFile; fileRef = EF8AB6621A07D21D00372538 /* QSModelListViewController.m */; };
		EF8AB6681A07D26F00372538 /* QSModelListTableViewCell.m in Sources */ = {isa = PBXBuildFile; fileRef = EF8AB6661A07D26F00372538 /* QSModelListTableViewCell.m */; };
		EF8AB6691A07D26F00372538 /* QSModelListTableViewCell.xib in Resources */ = {isa = PBXBuildFile; fileRef = EF8AB6671A07D26F00372538 /* QSModelListTableViewCell.xib */; };
		EF8FD04E1A0635CD0081F8EB /* QuartzCore.framework in Frameworks */ = {isa = PBXBuildFile; fileRef = EF8FD04D1A0635CD0081F8EB /* QuartzCore.framework */; };
		EF9A74121A02A82600095F07 /* Foundation.framework in Frameworks */ = {isa = PBXBuildFile; fileRef = EF9A74111A02A82600095F07 /* Foundation.framework */; };
		EF9A74141A02A82600095F07 /* CoreGraphics.framework in Frameworks */ = {isa = PBXBuildFile; fileRef = EF9A74131A02A82600095F07 /* CoreGraphics.framework */; };
		EF9A74161A02A82600095F07 /* UIKit.framework in Frameworks */ = {isa = PBXBuildFile; fileRef = EF9A74151A02A82600095F07 /* UIKit.framework */; };
		EF9A741C1A02A82600095F07 /* InfoPlist.strings in Resources */ = {isa = PBXBuildFile; fileRef = EF9A741A1A02A82600095F07 /* InfoPlist.strings */; };
		EF9A741E1A02A82600095F07 /* main.m in Sources */ = {isa = PBXBuildFile; fileRef = EF9A741D1A02A82600095F07 /* main.m */; };
		EF9A74221A02A82600095F07 /* QSAppDelegate.m in Sources */ = {isa = PBXBuildFile; fileRef = EF9A74211A02A82600095F07 /* QSAppDelegate.m */; };
		EF9A74251A02A82600095F07 /* Main.storyboard in Resources */ = {isa = PBXBuildFile; fileRef = EF9A74231A02A82600095F07 /* Main.storyboard */; };
		EF9A742A1A02A82600095F07 /* Images.xcassets in Resources */ = {isa = PBXBuildFile; fileRef = EF9A74291A02A82600095F07 /* Images.xcassets */; };
		EF9A74311A02A82700095F07 /* XCTest.framework in Frameworks */ = {isa = PBXBuildFile; fileRef = EF9A74301A02A82700095F07 /* XCTest.framework */; };
		EF9A74321A02A82700095F07 /* Foundation.framework in Frameworks */ = {isa = PBXBuildFile; fileRef = EF9A74111A02A82600095F07 /* Foundation.framework */; };
		EF9A74331A02A82700095F07 /* UIKit.framework in Frameworks */ = {isa = PBXBuildFile; fileRef = EF9A74151A02A82600095F07 /* UIKit.framework */; };
		EF9A743B1A02A82700095F07 /* InfoPlist.strings in Resources */ = {isa = PBXBuildFile; fileRef = EF9A74391A02A82700095F07 /* InfoPlist.strings */; };
		EF9A743D1A02A82700095F07 /* qingshow_ios_nativeTests.m in Sources */ = {isa = PBXBuildFile; fileRef = EF9A743C1A02A82700095F07 /* qingshow_ios_nativeTests.m */; };
		EF9A746A1A02A87900095F07 /* NSAlert+MKNetworkKitAdditions.m in Sources */ = {isa = PBXBuildFile; fileRef = EF9A744D1A02A87900095F07 /* NSAlert+MKNetworkKitAdditions.m */; };
		EF9A746B1A02A87900095F07 /* NSData+MKBase64.m in Sources */ = {isa = PBXBuildFile; fileRef = EF9A744F1A02A87900095F07 /* NSData+MKBase64.m */; };
		EF9A746C1A02A87900095F07 /* NSDate+RFC1123.m in Sources */ = {isa = PBXBuildFile; fileRef = EF9A74511A02A87900095F07 /* NSDate+RFC1123.m */; };
		EF9A746D1A02A87900095F07 /* NSDictionary+RequestEncoding.m in Sources */ = {isa = PBXBuildFile; fileRef = EF9A74531A02A87900095F07 /* NSDictionary+RequestEncoding.m */; };
		EF9A746E1A02A87900095F07 /* NSString+MKNetworkKitAdditions.m in Sources */ = {isa = PBXBuildFile; fileRef = EF9A74551A02A87900095F07 /* NSString+MKNetworkKitAdditions.m */; };
		EF9A746F1A02A87900095F07 /* UIAlertView+MKNetworkKitAdditions.m in Sources */ = {isa = PBXBuildFile; fileRef = EF9A74571A02A87900095F07 /* UIAlertView+MKNetworkKitAdditions.m */; };
		EF9A74701A02A87900095F07 /* UIImageView+MKNetworkKitAdditions.m in Sources */ = {isa = PBXBuildFile; fileRef = EF9A74591A02A87900095F07 /* UIImageView+MKNetworkKitAdditions.m */; };
		EF9A74711A02A87900095F07 /* MKNetworkEngine.m in Sources */ = {isa = PBXBuildFile; fileRef = EF9A745B1A02A87900095F07 /* MKNetworkEngine.m */; };
		EF9A74721A02A87900095F07 /* MKNetworkOperation.m in Sources */ = {isa = PBXBuildFile; fileRef = EF9A745E1A02A87900095F07 /* MKNetworkOperation.m */; };
		EF9A74731A02A87900095F07 /* Reachability.m in Sources */ = {isa = PBXBuildFile; fileRef = EF9A74611A02A87900095F07 /* Reachability.m */; };
		EF9A74791A02A89900095F07 /* QSNetworkEngine.m in Sources */ = {isa = PBXBuildFile; fileRef = EF9A74781A02A89900095F07 /* QSNetworkEngine.m */; };
		EFFE67261A067699001F4CA1 /* QSRootMenuItem.m in Sources */ = {isa = PBXBuildFile; fileRef = EFFE67251A067699001F4CA1 /* QSRootMenuItem.m */; };
		EFFE672A1A0676A4001F4CA1 /* QSRootMenuView.m in Sources */ = {isa = PBXBuildFile; fileRef = EFFE67291A0676A4001F4CA1 /* QSRootMenuView.m */; };
		EFFE672C1A0676BE001F4CA1 /* QSRootMenuItem.xib in Resources */ = {isa = PBXBuildFile; fileRef = EFFE672B1A0676BE001F4CA1 /* QSRootMenuItem.xib */; };
		EFFE672E1A0676CB001F4CA1 /* QSRootMenuView.xib in Resources */ = {isa = PBXBuildFile; fileRef = EFFE672D1A0676CB001F4CA1 /* QSRootMenuView.xib */; };
/* End PBXBuildFile section */

/* Begin PBXContainerItemProxy section */
		EF9A74341A02A82700095F07 /* PBXContainerItemProxy */ = {
			isa = PBXContainerItemProxy;
			containerPortal = EF9A74061A02A82600095F07 /* Project object */;
			proxyType = 1;
			remoteGlobalIDString = EF9A740D1A02A82600095F07;
			remoteInfo = "qingshow-ios-native";
		};
		EF9A74751A02A87900095F07 /* PBXContainerItemProxy */ = {
			isa = PBXContainerItemProxy;
			containerPortal = EF9A74651A02A87900095F07 /* MKNetworkKit-iOS.xcodeproj */;
			proxyType = 2;
			remoteGlobalIDString = ABB5C25C148B3AE00056D3E9;
			remoteInfo = "MKNetworkKit-iOS";
		};
/* End PBXContainerItemProxy section */

/* Begin PBXFileReference section */
		EF1A591D1A06761800001AE0 /* QSTimeCollectionViewCell.h */ = {isa = PBXFileReference; fileEncoding = 4; lastKnownFileType = sourcecode.c.h; path = QSTimeCollectionViewCell.h; sourceTree = "<group>"; };
		EF1A591E1A06761800001AE0 /* QSTimeCollectionViewCell.m */ = {isa = PBXFileReference; fileEncoding = 4; lastKnownFileType = sourcecode.c.objc; path = QSTimeCollectionViewCell.m; sourceTree = "<group>"; };
		EF1A591F1A06761800001AE0 /* QSTimeCollectionViewCell.xib */ = {isa = PBXFileReference; fileEncoding = 4; lastKnownFileType = file.xib; path = QSTimeCollectionViewCell.xib; sourceTree = "<group>"; };
		EF1A59201A06761800001AE0 /* QSWaterFallCollectionViewCell.h */ = {isa = PBXFileReference; fileEncoding = 4; lastKnownFileType = sourcecode.c.h; path = QSWaterFallCollectionViewCell.h; sourceTree = "<group>"; };
		EF1A59211A06761800001AE0 /* QSWaterFallCollectionViewCell.m */ = {isa = PBXFileReference; fileEncoding = 4; lastKnownFileType = sourcecode.c.objc; path = QSWaterFallCollectionViewCell.m; sourceTree = "<group>"; };
		EF1A59221A06761800001AE0 /* QSWaterFallCollectionViewCell.xib */ = {isa = PBXFileReference; fileEncoding = 4; lastKnownFileType = file.xib; path = QSWaterFallCollectionViewCell.xib; sourceTree = "<group>"; };
		EF1A59231A06761800001AE0 /* QSWaterFallCollectionViewLayout.h */ = {isa = PBXFileReference; fileEncoding = 4; lastKnownFileType = sourcecode.c.h; path = QSWaterFallCollectionViewLayout.h; sourceTree = "<group>"; };
		EF1A59241A06761800001AE0 /* QSWaterFallCollectionViewLayout.m */ = {isa = PBXFileReference; fileEncoding = 4; lastKnownFileType = sourcecode.c.objc; path = QSWaterFallCollectionViewLayout.m; sourceTree = "<group>"; };
		EF1A592A1A06763000001AE0 /* QSRootViewController.h */ = {isa = PBXFileReference; fileEncoding = 4; lastKnownFileType = sourcecode.c.h; path = QSRootViewController.h; sourceTree = "<group>"; };
		EF1A592B1A06763000001AE0 /* QSRootViewController.m */ = {isa = PBXFileReference; fileEncoding = 4; lastKnownFileType = sourcecode.c.objc; path = QSRootViewController.m; sourceTree = "<group>"; };
		EF8AB65D1A07D20500372538 /* QSModelDetailViewController.h */ = {isa = PBXFileReference; fileEncoding = 4; lastKnownFileType = sourcecode.c.h; path = QSModelDetailViewController.h; sourceTree = "<group>"; };
		EF8AB65E1A07D20500372538 /* QSModelDetailViewController.m */ = {isa = PBXFileReference; fileEncoding = 4; lastKnownFileType = sourcecode.c.objc; path = QSModelDetailViewController.m; sourceTree = "<group>"; };
		EF8AB6611A07D21D00372538 /* QSModelListViewController.h */ = {isa = PBXFileReference; fileEncoding = 4; lastKnownFileType = sourcecode.c.h; path = QSModelListViewController.h; sourceTree = "<group>"; };
		EF8AB6621A07D21D00372538 /* QSModelListViewController.m */ = {isa = PBXFileReference; fileEncoding = 4; lastKnownFileType = sourcecode.c.objc; path = QSModelListViewController.m; sourceTree = "<group>"; };
		EF8AB6651A07D26F00372538 /* QSModelListTableViewCell.h */ = {isa = PBXFileReference; fileEncoding = 4; lastKnownFileType = sourcecode.c.h; path = QSModelListTableViewCell.h; sourceTree = "<group>"; };
		EF8AB6661A07D26F00372538 /* QSModelListTableViewCell.m */ = {isa = PBXFileReference; fileEncoding = 4; lastKnownFileType = sourcecode.c.objc; path = QSModelListTableViewCell.m; sourceTree = "<group>"; };
		EF8AB6671A07D26F00372538 /* QSModelListTableViewCell.xib */ = {isa = PBXFileReference; fileEncoding = 4; lastKnownFileType = file.xib; path = QSModelListTableViewCell.xib; sourceTree = "<group>"; };
		EF8FD04D1A0635CD0081F8EB /* QuartzCore.framework */ = {isa = PBXFileReference; lastKnownFileType = wrapper.framework; name = QuartzCore.framework; path = System/Library/Frameworks/QuartzCore.framework; sourceTree = SDKROOT; };
		EF8FD0541A063AA60081F8EB /* DatabaseConstant.h */ = {isa = PBXFileReference; lastKnownFileType = sourcecode.c.h; path = DatabaseConstant.h; sourceTree = "<group>"; };
		EF8FD0551A064D470081F8EB /* ServerPath.h */ = {isa = PBXFileReference; lastKnownFileType = sourcecode.c.h; path = ServerPath.h; sourceTree = "<group>"; };
		EF8FD0561A064DC30081F8EB /* PupblicResource.h */ = {isa = PBXFileReference; lastKnownFileType = sourcecode.c.h; path = PupblicResource.h; sourceTree = "<group>"; };
		EF9A740E1A02A82600095F07 /* qingshow-ios-native.app */ = {isa = PBXFileReference; explicitFileType = wrapper.application; includeInIndex = 0; path = "qingshow-ios-native.app"; sourceTree = BUILT_PRODUCTS_DIR; };
		EF9A74111A02A82600095F07 /* Foundation.framework */ = {isa = PBXFileReference; lastKnownFileType = wrapper.framework; name = Foundation.framework; path = System/Library/Frameworks/Foundation.framework; sourceTree = SDKROOT; };
		EF9A74131A02A82600095F07 /* CoreGraphics.framework */ = {isa = PBXFileReference; lastKnownFileType = wrapper.framework; name = CoreGraphics.framework; path = System/Library/Frameworks/CoreGraphics.framework; sourceTree = SDKROOT; };
		EF9A74151A02A82600095F07 /* UIKit.framework */ = {isa = PBXFileReference; lastKnownFileType = wrapper.framework; name = UIKit.framework; path = System/Library/Frameworks/UIKit.framework; sourceTree = SDKROOT; };
		EF9A74191A02A82600095F07 /* qingshow-ios-native-Info.plist */ = {isa = PBXFileReference; lastKnownFileType = text.plist.xml; path = "qingshow-ios-native-Info.plist"; sourceTree = "<group>"; };
		EF9A741B1A02A82600095F07 /* en */ = {isa = PBXFileReference; lastKnownFileType = text.plist.strings; name = en; path = en.lproj/InfoPlist.strings; sourceTree = "<group>"; };
		EF9A741D1A02A82600095F07 /* main.m */ = {isa = PBXFileReference; lastKnownFileType = sourcecode.c.objc; path = main.m; sourceTree = "<group>"; };
		EF9A741F1A02A82600095F07 /* qingshow-ios-native-Prefix.pch */ = {isa = PBXFileReference; lastKnownFileType = sourcecode.c.h; path = "qingshow-ios-native-Prefix.pch"; sourceTree = "<group>"; };
		EF9A74201A02A82600095F07 /* QSAppDelegate.h */ = {isa = PBXFileReference; lastKnownFileType = sourcecode.c.h; path = QSAppDelegate.h; sourceTree = "<group>"; };
		EF9A74211A02A82600095F07 /* QSAppDelegate.m */ = {isa = PBXFileReference; lastKnownFileType = sourcecode.c.objc; path = QSAppDelegate.m; sourceTree = "<group>"; };
		EF9A74241A02A82600095F07 /* Base */ = {isa = PBXFileReference; lastKnownFileType = file.storyboard; name = Base; path = Base.lproj/Main.storyboard; sourceTree = "<group>"; };
		EF9A74291A02A82600095F07 /* Images.xcassets */ = {isa = PBXFileReference; lastKnownFileType = folder.assetcatalog; path = Images.xcassets; sourceTree = "<group>"; };
		EF9A742F1A02A82700095F07 /* qingshow-ios-nativeTests.xctest */ = {isa = PBXFileReference; explicitFileType = wrapper.cfbundle; includeInIndex = 0; path = "qingshow-ios-nativeTests.xctest"; sourceTree = BUILT_PRODUCTS_DIR; };
		EF9A74301A02A82700095F07 /* XCTest.framework */ = {isa = PBXFileReference; lastKnownFileType = wrapper.framework; name = XCTest.framework; path = Library/Frameworks/XCTest.framework; sourceTree = DEVELOPER_DIR; };
		EF9A74381A02A82700095F07 /* qingshow-ios-nativeTests-Info.plist */ = {isa = PBXFileReference; lastKnownFileType = text.plist.xml; path = "qingshow-ios-nativeTests-Info.plist"; sourceTree = "<group>"; };
		EF9A743A1A02A82700095F07 /* en */ = {isa = PBXFileReference; lastKnownFileType = text.plist.strings; name = en; path = en.lproj/InfoPlist.strings; sourceTree = "<group>"; };
		EF9A743C1A02A82700095F07 /* qingshow_ios_nativeTests.m */ = {isa = PBXFileReference; lastKnownFileType = sourcecode.c.objc; path = qingshow_ios_nativeTests.m; sourceTree = "<group>"; };
		EF9A744C1A02A87900095F07 /* NSAlert+MKNetworkKitAdditions.h */ = {isa = PBXFileReference; fileEncoding = 4; lastKnownFileType = sourcecode.c.h; path = "NSAlert+MKNetworkKitAdditions.h"; sourceTree = "<group>"; };
		EF9A744D1A02A87900095F07 /* NSAlert+MKNetworkKitAdditions.m */ = {isa = PBXFileReference; fileEncoding = 4; lastKnownFileType = sourcecode.c.objc; path = "NSAlert+MKNetworkKitAdditions.m"; sourceTree = "<group>"; };
		EF9A744E1A02A87900095F07 /* NSData+MKBase64.h */ = {isa = PBXFileReference; fileEncoding = 4; lastKnownFileType = sourcecode.c.h; path = "NSData+MKBase64.h"; sourceTree = "<group>"; };
		EF9A744F1A02A87900095F07 /* NSData+MKBase64.m */ = {isa = PBXFileReference; fileEncoding = 4; lastKnownFileType = sourcecode.c.objc; path = "NSData+MKBase64.m"; sourceTree = "<group>"; };
		EF9A74501A02A87900095F07 /* NSDate+RFC1123.h */ = {isa = PBXFileReference; fileEncoding = 4; lastKnownFileType = sourcecode.c.h; path = "NSDate+RFC1123.h"; sourceTree = "<group>"; };
		EF9A74511A02A87900095F07 /* NSDate+RFC1123.m */ = {isa = PBXFileReference; fileEncoding = 4; lastKnownFileType = sourcecode.c.objc; path = "NSDate+RFC1123.m"; sourceTree = "<group>"; };
		EF9A74521A02A87900095F07 /* NSDictionary+RequestEncoding.h */ = {isa = PBXFileReference; fileEncoding = 4; lastKnownFileType = sourcecode.c.h; path = "NSDictionary+RequestEncoding.h"; sourceTree = "<group>"; };
		EF9A74531A02A87900095F07 /* NSDictionary+RequestEncoding.m */ = {isa = PBXFileReference; fileEncoding = 4; lastKnownFileType = sourcecode.c.objc; path = "NSDictionary+RequestEncoding.m"; sourceTree = "<group>"; };
		EF9A74541A02A87900095F07 /* NSString+MKNetworkKitAdditions.h */ = {isa = PBXFileReference; fileEncoding = 4; lastKnownFileType = sourcecode.c.h; path = "NSString+MKNetworkKitAdditions.h"; sourceTree = "<group>"; };
		EF9A74551A02A87900095F07 /* NSString+MKNetworkKitAdditions.m */ = {isa = PBXFileReference; fileEncoding = 4; lastKnownFileType = sourcecode.c.objc; path = "NSString+MKNetworkKitAdditions.m"; sourceTree = "<group>"; };
		EF9A74561A02A87900095F07 /* UIAlertView+MKNetworkKitAdditions.h */ = {isa = PBXFileReference; fileEncoding = 4; lastKnownFileType = sourcecode.c.h; path = "UIAlertView+MKNetworkKitAdditions.h"; sourceTree = "<group>"; };
		EF9A74571A02A87900095F07 /* UIAlertView+MKNetworkKitAdditions.m */ = {isa = PBXFileReference; fileEncoding = 4; lastKnownFileType = sourcecode.c.objc; path = "UIAlertView+MKNetworkKitAdditions.m"; sourceTree = "<group>"; };
		EF9A74581A02A87900095F07 /* UIImageView+MKNetworkKitAdditions.h */ = {isa = PBXFileReference; fileEncoding = 4; lastKnownFileType = sourcecode.c.h; path = "UIImageView+MKNetworkKitAdditions.h"; sourceTree = "<group>"; };
		EF9A74591A02A87900095F07 /* UIImageView+MKNetworkKitAdditions.m */ = {isa = PBXFileReference; fileEncoding = 4; lastKnownFileType = sourcecode.c.objc; path = "UIImageView+MKNetworkKitAdditions.m"; sourceTree = "<group>"; };
		EF9A745A1A02A87900095F07 /* MKNetworkEngine.h */ = {isa = PBXFileReference; fileEncoding = 4; lastKnownFileType = sourcecode.c.h; path = MKNetworkEngine.h; sourceTree = "<group>"; };
		EF9A745B1A02A87900095F07 /* MKNetworkEngine.m */ = {isa = PBXFileReference; fileEncoding = 4; lastKnownFileType = sourcecode.c.objc; path = MKNetworkEngine.m; sourceTree = "<group>"; };
		EF9A745C1A02A87900095F07 /* MKNetworkKit.h */ = {isa = PBXFileReference; fileEncoding = 4; lastKnownFileType = sourcecode.c.h; path = MKNetworkKit.h; sourceTree = "<group>"; };
		EF9A745D1A02A87900095F07 /* MKNetworkOperation.h */ = {isa = PBXFileReference; fileEncoding = 4; lastKnownFileType = sourcecode.c.h; path = MKNetworkOperation.h; sourceTree = "<group>"; };
		EF9A745E1A02A87900095F07 /* MKNetworkOperation.m */ = {isa = PBXFileReference; fileEncoding = 4; lastKnownFileType = sourcecode.c.objc; path = MKNetworkOperation.m; sourceTree = "<group>"; };
		EF9A74601A02A87900095F07 /* Reachability.h */ = {isa = PBXFileReference; fileEncoding = 4; lastKnownFileType = sourcecode.c.h; path = Reachability.h; sourceTree = "<group>"; };
		EF9A74611A02A87900095F07 /* Reachability.m */ = {isa = PBXFileReference; fileEncoding = 4; lastKnownFileType = sourcecode.c.objc; path = Reachability.m; sourceTree = "<group>"; };
		EF9A74641A02A87900095F07 /* MKNetworkKit-iOS-Prefix.pch */ = {isa = PBXFileReference; fileEncoding = 4; lastKnownFileType = sourcecode.c.h; path = "MKNetworkKit-iOS-Prefix.pch"; sourceTree = "<group>"; };
		EF9A74651A02A87900095F07 /* MKNetworkKit-iOS.xcodeproj */ = {isa = PBXFileReference; lastKnownFileType = "wrapper.pb-project"; path = "MKNetworkKit-iOS.xcodeproj"; sourceTree = "<group>"; };
		EF9A74771A02A89900095F07 /* QSNetworkEngine.h */ = {isa = PBXFileReference; fileEncoding = 4; lastKnownFileType = sourcecode.c.h; path = QSNetworkEngine.h; sourceTree = "<group>"; };
		EF9A74781A02A89900095F07 /* QSNetworkEngine.m */ = {isa = PBXFileReference; fileEncoding = 4; lastKnownFileType = sourcecode.c.objc; path = QSNetworkEngine.m; sourceTree = "<group>"; };
		EF9A747C1A02A8F500095F07 /* QSBlock.h */ = {isa = PBXFileReference; lastKnownFileType = sourcecode.c.h; path = QSBlock.h; sourceTree = "<group>"; };
		EFFE67241A067699001F4CA1 /* QSRootMenuItem.h */ = {isa = PBXFileReference; fileEncoding = 4; lastKnownFileType = sourcecode.c.h; path = QSRootMenuItem.h; sourceTree = "<group>"; };
		EFFE67251A067699001F4CA1 /* QSRootMenuItem.m */ = {isa = PBXFileReference; fileEncoding = 4; lastKnownFileType = sourcecode.c.objc; path = QSRootMenuItem.m; sourceTree = "<group>"; };
		EFFE67281A0676A4001F4CA1 /* QSRootMenuView.h */ = {isa = PBXFileReference; fileEncoding = 4; lastKnownFileType = sourcecode.c.h; path = QSRootMenuView.h; sourceTree = "<group>"; };
		EFFE67291A0676A4001F4CA1 /* QSRootMenuView.m */ = {isa = PBXFileReference; fileEncoding = 4; lastKnownFileType = sourcecode.c.objc; path = QSRootMenuView.m; sourceTree = "<group>"; };
		EFFE672B1A0676BE001F4CA1 /* QSRootMenuItem.xib */ = {isa = PBXFileReference; fileEncoding = 4; lastKnownFileType = file.xib; path = QSRootMenuItem.xib; sourceTree = "<group>"; };
		EFFE672D1A0676CB001F4CA1 /* QSRootMenuView.xib */ = {isa = PBXFileReference; fileEncoding = 4; lastKnownFileType = file.xib; path = QSRootMenuView.xib; sourceTree = "<group>"; };
/* End PBXFileReference section */

/* Begin PBXFrameworksBuildPhase section */
		EF9A740B1A02A82600095F07 /* Frameworks */ = {
			isa = PBXFrameworksBuildPhase;
			buildActionMask = 2147483647;
			files = (
				EF8FD04E1A0635CD0081F8EB /* QuartzCore.framework in Frameworks */,
				EF9A74141A02A82600095F07 /* CoreGraphics.framework in Frameworks */,
				EF9A74161A02A82600095F07 /* UIKit.framework in Frameworks */,
				EF9A74121A02A82600095F07 /* Foundation.framework in Frameworks */,
			);
			runOnlyForDeploymentPostprocessing = 0;
		};
		EF9A742C1A02A82700095F07 /* Frameworks */ = {
			isa = PBXFrameworksBuildPhase;
			buildActionMask = 2147483647;
			files = (
				EF9A74311A02A82700095F07 /* XCTest.framework in Frameworks */,
				EF9A74331A02A82700095F07 /* UIKit.framework in Frameworks */,
				EF9A74321A02A82700095F07 /* Foundation.framework in Frameworks */,
			);
			runOnlyForDeploymentPostprocessing = 0;
		};
/* End PBXFrameworksBuildPhase section */

/* Begin PBXGroup section */
		EF1A59191A06761800001AE0 /* vc */ = {
			isa = PBXGroup;
			children = (
				EF8AB6561A07D0EE00372538 /* model */,
				EF8AB6571A07D0EE00372538 /* show */,
				EF1A591A1A06761800001AE0 /* root */,
				EF1A591B1A06761800001AE0 /* view */,
			);
			path = vc;
			sourceTree = "<group>";
		};
		EF1A591A1A06761800001AE0 /* root */ = {
			isa = PBXGroup;
			children = (
				EF1A592A1A06763000001AE0 /* QSRootViewController.h */,
				EF1A592B1A06763000001AE0 /* QSRootViewController.m */,
				EFFE67241A067699001F4CA1 /* QSRootMenuItem.h */,
				EFFE67251A067699001F4CA1 /* QSRootMenuItem.m */,
				EFFE672B1A0676BE001F4CA1 /* QSRootMenuItem.xib */,
				EFFE67281A0676A4001F4CA1 /* QSRootMenuView.h */,
				EFFE67291A0676A4001F4CA1 /* QSRootMenuView.m */,
				EFFE672D1A0676CB001F4CA1 /* QSRootMenuView.xib */,
			);
			path = root;
			sourceTree = "<group>";
		};
		EF1A591B1A06761800001AE0 /* view */ = {
			isa = PBXGroup;
			children = (
				EF1A591C1A06761800001AE0 /* waterfall */,
			);
			path = view;
			sourceTree = "<group>";
		};
		EF1A591C1A06761800001AE0 /* waterfall */ = {
			isa = PBXGroup;
			children = (
				EF1A591D1A06761800001AE0 /* QSTimeCollectionViewCell.h */,
				EF1A591E1A06761800001AE0 /* QSTimeCollectionViewCell.m */,
				EF1A591F1A06761800001AE0 /* QSTimeCollectionViewCell.xib */,
				EF1A59201A06761800001AE0 /* QSWaterFallCollectionViewCell.h */,
				EF1A59211A06761800001AE0 /* QSWaterFallCollectionViewCell.m */,
				EF1A59221A06761800001AE0 /* QSWaterFallCollectionViewCell.xib */,
				EF1A59231A06761800001AE0 /* QSWaterFallCollectionViewLayout.h */,
				EF1A59241A06761800001AE0 /* QSWaterFallCollectionViewLayout.m */,
			);
			path = waterfall;
			sourceTree = "<group>";
		};
		EF8AB6561A07D0EE00372538 /* model */ = {
			isa = PBXGroup;
			children = (
				EF8AB65C1A07D20500372538 /* detail */,
				EF8AB65F1A07D20500372538 /* list */,
			);
			path = model;
			sourceTree = "<group>";
		};
		EF8AB6571A07D0EE00372538 /* show */ = {
			isa = PBXGroup;
			children = (
				EF8AB6641A07D23500372538 /* detail */,
			);
			path = show;
			sourceTree = "<group>";
		};
		EF8AB65C1A07D20500372538 /* detail */ = {
			isa = PBXGroup;
			children = (
				EF8AB65D1A07D20500372538 /* QSModelDetailViewController.h */,
				EF8AB65E1A07D20500372538 /* QSModelDetailViewController.m */,
			);
			path = detail;
			sourceTree = "<group>";
		};
		EF8AB65F1A07D20500372538 /* list */ = {
			isa = PBXGroup;
			children = (
				EF8AB6611A07D21D00372538 /* QSModelListViewController.h */,
				EF8AB6621A07D21D00372538 /* QSModelListViewController.m */,
				EF8AB6651A07D26F00372538 /* QSModelListTableViewCell.h */,
				EF8AB6661A07D26F00372538 /* QSModelListTableViewCell.m */,
				EF8AB6671A07D26F00372538 /* QSModelListTableViewCell.xib */,
			);
			path = list;
			sourceTree = "<group>";
		};
		EF8AB6641A07D23500372538 /* detail */ = {
			isa = PBXGroup;
			children = (
			);
			path = detail;
			sourceTree = "<group>";
		};
		EF8FD0501A0637420081F8EB /* beans */ = {
			isa = PBXGroup;
			children = (
			);
			path = beans;
			sourceTree = "<group>";
		};
		EF9A74051A02A82600095F07 = {
			isa = PBXGroup;
			children = (
				EF9A74171A02A82600095F07 /* qingshow-ios-native */,
				EF9A74361A02A82700095F07 /* qingshow-ios-nativeTests */,
				EF9A74101A02A82600095F07 /* Frameworks */,
				EF9A740F1A02A82600095F07 /* Products */,
			);
			sourceTree = "<group>";
		};
		EF9A740F1A02A82600095F07 /* Products */ = {
			isa = PBXGroup;
			children = (
				EF9A740E1A02A82600095F07 /* qingshow-ios-native.app */,
				EF9A742F1A02A82700095F07 /* qingshow-ios-nativeTests.xctest */,
			);
			name = Products;
			sourceTree = "<group>";
		};
		EF9A74101A02A82600095F07 /* Frameworks */ = {
			isa = PBXGroup;
			children = (
				EF8FD04D1A0635CD0081F8EB /* QuartzCore.framework */,
				EF9A74111A02A82600095F07 /* Foundation.framework */,
				EF9A74131A02A82600095F07 /* CoreGraphics.framework */,
				EF9A74151A02A82600095F07 /* UIKit.framework */,
				EF9A74301A02A82700095F07 /* XCTest.framework */,
			);
			name = Frameworks;
			sourceTree = "<group>";
		};
		EF9A74171A02A82600095F07 /* qingshow-ios-native */ = {
			isa = PBXGroup;
			children = (
				EF1A59191A06761800001AE0 /* vc */,
				EF9A74461A02A87900095F07 /* model */,
				EF9A74481A02A87900095F07 /* thirdPart */,
				EF9A74681A02A87900095F07 /* utility */,
				EF9A74201A02A82600095F07 /* QSAppDelegate.h */,
				EF9A74211A02A82600095F07 /* QSAppDelegate.m */,
				EF9A74231A02A82600095F07 /* Main.storyboard */,
				EF9A74291A02A82600095F07 /* Images.xcassets */,
				EF9A74181A02A82600095F07 /* Supporting Files */,
			);
			path = "qingshow-ios-native";
			sourceTree = "<group>";
		};
		EF9A74181A02A82600095F07 /* Supporting Files */ = {
			isa = PBXGroup;
			children = (
				EF9A74191A02A82600095F07 /* qingshow-ios-native-Info.plist */,
				EF9A741A1A02A82600095F07 /* InfoPlist.strings */,
				EF9A741D1A02A82600095F07 /* main.m */,
				EF9A741F1A02A82600095F07 /* qingshow-ios-native-Prefix.pch */,
			);
			name = "Supporting Files";
			sourceTree = "<group>";
		};
		EF9A74361A02A82700095F07 /* qingshow-ios-nativeTests */ = {
			isa = PBXGroup;
			children = (
				EF9A743C1A02A82700095F07 /* qingshow_ios_nativeTests.m */,
				EF9A74371A02A82700095F07 /* Supporting Files */,
			);
			path = "qingshow-ios-nativeTests";
			sourceTree = "<group>";
		};
		EF9A74371A02A82700095F07 /* Supporting Files */ = {
			isa = PBXGroup;
			children = (
				EF9A74381A02A82700095F07 /* qingshow-ios-nativeTests-Info.plist */,
				EF9A74391A02A82700095F07 /* InfoPlist.strings */,
			);
			name = "Supporting Files";
			sourceTree = "<group>";
		};
		EF9A74461A02A87900095F07 /* model */ = {
			isa = PBXGroup;
			children = (
				EF8FD0501A0637420081F8EB /* beans */,
				EF9A74471A02A87900095F07 /* network */,
			);
			path = model;
			sourceTree = "<group>";
		};
		EF9A74471A02A87900095F07 /* network */ = {
			isa = PBXGroup;
			children = (
				EF9A74771A02A89900095F07 /* QSNetworkEngine.h */,
				EF9A74781A02A89900095F07 /* QSNetworkEngine.m */,
			);
			path = network;
			sourceTree = "<group>";
		};
		EF9A74481A02A87900095F07 /* thirdPart */ = {
			isa = PBXGroup;
			children = (
				EF9A74491A02A87900095F07 /* MKNetworkKit */,
			);
			path = thirdPart;
			sourceTree = "<group>";
		};
		EF9A74491A02A87900095F07 /* MKNetworkKit */ = {
			isa = PBXGroup;
			children = (
				EF9A744A1A02A87900095F07 /* MKNetworkKit */,
				EF9A74621A02A87900095F07 /* MKNetworkKit-iOS */,
			);
			path = MKNetworkKit;
			sourceTree = "<group>";
		};
		EF9A744A1A02A87900095F07 /* MKNetworkKit */ = {
			isa = PBXGroup;
			children = (
				EF9A744B1A02A87900095F07 /* Categories */,
				EF9A745A1A02A87900095F07 /* MKNetworkEngine.h */,
				EF9A745B1A02A87900095F07 /* MKNetworkEngine.m */,
				EF9A745C1A02A87900095F07 /* MKNetworkKit.h */,
				EF9A745D1A02A87900095F07 /* MKNetworkOperation.h */,
				EF9A745E1A02A87900095F07 /* MKNetworkOperation.m */,
				EF9A745F1A02A87900095F07 /* Reachability */,
			);
			path = MKNetworkKit;
			sourceTree = "<group>";
		};
		EF9A744B1A02A87900095F07 /* Categories */ = {
			isa = PBXGroup;
			children = (
				EF9A744C1A02A87900095F07 /* NSAlert+MKNetworkKitAdditions.h */,
				EF9A744D1A02A87900095F07 /* NSAlert+MKNetworkKitAdditions.m */,
				EF9A744E1A02A87900095F07 /* NSData+MKBase64.h */,
				EF9A744F1A02A87900095F07 /* NSData+MKBase64.m */,
				EF9A74501A02A87900095F07 /* NSDate+RFC1123.h */,
				EF9A74511A02A87900095F07 /* NSDate+RFC1123.m */,
				EF9A74521A02A87900095F07 /* NSDictionary+RequestEncoding.h */,
				EF9A74531A02A87900095F07 /* NSDictionary+RequestEncoding.m */,
				EF9A74541A02A87900095F07 /* NSString+MKNetworkKitAdditions.h */,
				EF9A74551A02A87900095F07 /* NSString+MKNetworkKitAdditions.m */,
				EF9A74561A02A87900095F07 /* UIAlertView+MKNetworkKitAdditions.h */,
				EF9A74571A02A87900095F07 /* UIAlertView+MKNetworkKitAdditions.m */,
				EF9A74581A02A87900095F07 /* UIImageView+MKNetworkKitAdditions.h */,
				EF9A74591A02A87900095F07 /* UIImageView+MKNetworkKitAdditions.m */,
			);
			path = Categories;
			sourceTree = "<group>";
		};
		EF9A745F1A02A87900095F07 /* Reachability */ = {
			isa = PBXGroup;
			children = (
				EF9A74601A02A87900095F07 /* Reachability.h */,
				EF9A74611A02A87900095F07 /* Reachability.m */,
			);
			path = Reachability;
			sourceTree = "<group>";
		};
		EF9A74621A02A87900095F07 /* MKNetworkKit-iOS */ = {
			isa = PBXGroup;
			children = (
				EF9A74631A02A87900095F07 /* MKNetworkKit-iOS */,
				EF9A74651A02A87900095F07 /* MKNetworkKit-iOS.xcodeproj */,
			);
			path = "MKNetworkKit-iOS";
			sourceTree = "<group>";
		};
		EF9A74631A02A87900095F07 /* MKNetworkKit-iOS */ = {
			isa = PBXGroup;
			children = (
				EF9A74641A02A87900095F07 /* MKNetworkKit-iOS-Prefix.pch */,
			);
			path = "MKNetworkKit-iOS";
			sourceTree = "<group>";
		};
		EF9A74661A02A87900095F07 /* Products */ = {
			isa = PBXGroup;
			children = (
				EF9A74761A02A87900095F07 /* libMKNetworkKit-iOS.a */,
			);
			name = Products;
			sourceTree = "<group>";
		};
		EF9A74681A02A87900095F07 /* utility */ = {
			isa = PBXGroup;
			children = (
				EF9A747B1A02A8E700095F07 /* type */,
				EF9A74691A02A87900095F07 /* extension */,
			);
			path = utility;
			sourceTree = "<group>";
		};
		EF9A74691A02A87900095F07 /* extension */ = {
			isa = PBXGroup;
			children = (
			);
			path = extension;
			sourceTree = "<group>";
		};
		EF9A747B1A02A8E700095F07 /* type */ = {
			isa = PBXGroup;
			children = (
				EF9A747C1A02A8F500095F07 /* QSBlock.h */,
				EF8FD0541A063AA60081F8EB /* DatabaseConstant.h */,
				EF8FD0551A064D470081F8EB /* ServerPath.h */,
				EF8FD0561A064DC30081F8EB /* PupblicResource.h */,
			);
			path = type;
			sourceTree = "<group>";
		};
/* End PBXGroup section */

/* Begin PBXNativeTarget section */
		EF9A740D1A02A82600095F07 /* qingshow-ios-native */ = {
			isa = PBXNativeTarget;
			buildConfigurationList = EF9A74401A02A82700095F07 /* Build configuration list for PBXNativeTarget "qingshow-ios-native" */;
			buildPhases = (
				EF9A740A1A02A82600095F07 /* Sources */,
				EF9A740B1A02A82600095F07 /* Frameworks */,
				EF9A740C1A02A82600095F07 /* Resources */,
			);
			buildRules = (
			);
			dependencies = (
			);
			name = "qingshow-ios-native";
			productName = "qingshow-ios-native";
			productReference = EF9A740E1A02A82600095F07 /* qingshow-ios-native.app */;
			productType = "com.apple.product-type.application";
		};
		EF9A742E1A02A82700095F07 /* qingshow-ios-nativeTests */ = {
			isa = PBXNativeTarget;
			buildConfigurationList = EF9A74431A02A82700095F07 /* Build configuration list for PBXNativeTarget "qingshow-ios-nativeTests" */;
			buildPhases = (
				EF9A742B1A02A82700095F07 /* Sources */,
				EF9A742C1A02A82700095F07 /* Frameworks */,
				EF9A742D1A02A82700095F07 /* Resources */,
			);
			buildRules = (
			);
			dependencies = (
				EF9A74351A02A82700095F07 /* PBXTargetDependency */,
			);
			name = "qingshow-ios-nativeTests";
			productName = "qingshow-ios-nativeTests";
			productReference = EF9A742F1A02A82700095F07 /* qingshow-ios-nativeTests.xctest */;
			productType = "com.apple.product-type.bundle.unit-test";
		};
/* End PBXNativeTarget section */

/* Begin PBXProject section */
		EF9A74061A02A82600095F07 /* Project object */ = {
			isa = PBXProject;
			attributes = {
				CLASSPREFIX = QS;
				LastUpgradeCheck = 0510;
				ORGANIZATIONNAME = QS;
				TargetAttributes = {
					EF9A742E1A02A82700095F07 = {
						TestTargetID = EF9A740D1A02A82600095F07;
					};
				};
			};
			buildConfigurationList = EF9A74091A02A82600095F07 /* Build configuration list for PBXProject "qingshow-ios-native" */;
			compatibilityVersion = "Xcode 3.2";
			developmentRegion = English;
			hasScannedForEncodings = 0;
			knownRegions = (
				en,
				Base,
			);
			mainGroup = EF9A74051A02A82600095F07;
			productRefGroup = EF9A740F1A02A82600095F07 /* Products */;
			projectDirPath = "";
			projectReferences = (
				{
					ProductGroup = EF9A74661A02A87900095F07 /* Products */;
					ProjectRef = EF9A74651A02A87900095F07 /* MKNetworkKit-iOS.xcodeproj */;
				},
			);
			projectRoot = "";
			targets = (
				EF9A740D1A02A82600095F07 /* qingshow-ios-native */,
				EF9A742E1A02A82700095F07 /* qingshow-ios-nativeTests */,
			);
		};
/* End PBXProject section */

/* Begin PBXReferenceProxy section */
		EF9A74761A02A87900095F07 /* libMKNetworkKit-iOS.a */ = {
			isa = PBXReferenceProxy;
			fileType = archive.ar;
			path = "libMKNetworkKit-iOS.a";
			remoteRef = EF9A74751A02A87900095F07 /* PBXContainerItemProxy */;
			sourceTree = BUILT_PRODUCTS_DIR;
		};
/* End PBXReferenceProxy section */

/* Begin PBXResourcesBuildPhase section */
		EF9A740C1A02A82600095F07 /* Resources */ = {
			isa = PBXResourcesBuildPhase;
			buildActionMask = 2147483647;
			files = (
				EF1A59281A06761800001AE0 /* QSWaterFallCollectionViewCell.xib in Resources */,
				EF8AB6691A07D26F00372538 /* QSModelListTableViewCell.xib in Resources */,
				EF9A742A1A02A82600095F07 /* Images.xcassets in Resources */,
				EF9A741C1A02A82600095F07 /* InfoPlist.strings in Resources */,
				EFFE672C1A0676BE001F4CA1 /* QSRootMenuItem.xib in Resources */,
				EF9A74251A02A82600095F07 /* Main.storyboard in Resources */,
				EF1A59261A06761800001AE0 /* QSTimeCollectionViewCell.xib in Resources */,
				EFFE672E1A0676CB001F4CA1 /* QSRootMenuView.xib in Resources */,
			);
			runOnlyForDeploymentPostprocessing = 0;
		};
		EF9A742D1A02A82700095F07 /* Resources */ = {
			isa = PBXResourcesBuildPhase;
			buildActionMask = 2147483647;
			files = (
				EF9A743B1A02A82700095F07 /* InfoPlist.strings in Resources */,
			);
			runOnlyForDeploymentPostprocessing = 0;
		};
/* End PBXResourcesBuildPhase section */

/* Begin PBXSourcesBuildPhase section */
		EF9A740A1A02A82600095F07 /* Sources */ = {
			isa = PBXSourcesBuildPhase;
			buildActionMask = 2147483647;
			files = (
				EF8AB6631A07D21D00372538 /* QSModelListViewController.m in Sources */,
				EF8AB6681A07D26F00372538 /* QSModelListTableViewCell.m in Sources */,
				EF9A74731A02A87900095F07 /* Reachability.m in Sources */,
				EF9A74791A02A89900095F07 /* QSNetworkEngine.m in Sources */,
				EF9A74711A02A87900095F07 /* MKNetworkEngine.m in Sources */,
				EF1A59291A06761800001AE0 /* QSWaterFallCollectionViewLayout.m in Sources */,
				EF9A746D1A02A87900095F07 /* NSDictionary+RequestEncoding.m in Sources */,
				EF9A74221A02A82600095F07 /* QSAppDelegate.m in Sources */,
				EF9A746B1A02A87900095F07 /* NSData+MKBase64.m in Sources */,
				EF8AB6601A07D20500372538 /* QSModelDetailViewController.m in Sources */,
				EF1A59271A06761800001AE0 /* QSWaterFallCollectionViewCell.m in Sources */,
				EF9A741E1A02A82600095F07 /* main.m in Sources */,
				EFFE672A1A0676A4001F4CA1 /* QSRootMenuView.m in Sources */,
				EF9A74721A02A87900095F07 /* MKNetworkOperation.m in Sources */,
				EF9A746F1A02A87900095F07 /* UIAlertView+MKNetworkKitAdditions.m in Sources */,
				EF9A74701A02A87900095F07 /* UIImageView+MKNetworkKitAdditions.m in Sources */,
				EF9A746A1A02A87900095F07 /* NSAlert+MKNetworkKitAdditions.m in Sources */,
				EFFE67261A067699001F4CA1 /* QSRootMenuItem.m in Sources */,
				EF1A592C1A06763000001AE0 /* QSRootViewController.m in Sources */,
				EF1A59251A06761800001AE0 /* QSTimeCollectionViewCell.m in Sources */,
				EF9A746E1A02A87900095F07 /* NSString+MKNetworkKitAdditions.m in Sources */,
				EF9A746C1A02A87900095F07 /* NSDate+RFC1123.m in Sources */,
			);
			runOnlyForDeploymentPostprocessing = 0;
		};
		EF9A742B1A02A82700095F07 /* Sources */ = {
			isa = PBXSourcesBuildPhase;
			buildActionMask = 2147483647;
			files = (
				EF9A743D1A02A82700095F07 /* qingshow_ios_nativeTests.m in Sources */,
			);
			runOnlyForDeploymentPostprocessing = 0;
		};
/* End PBXSourcesBuildPhase section */

/* Begin PBXTargetDependency section */
		EF9A74351A02A82700095F07 /* PBXTargetDependency */ = {
			isa = PBXTargetDependency;
			target = EF9A740D1A02A82600095F07 /* qingshow-ios-native */;
			targetProxy = EF9A74341A02A82700095F07 /* PBXContainerItemProxy */;
		};
/* End PBXTargetDependency section */

/* Begin PBXVariantGroup section */
		EF9A741A1A02A82600095F07 /* InfoPlist.strings */ = {
			isa = PBXVariantGroup;
			children = (
				EF9A741B1A02A82600095F07 /* en */,
			);
			name = InfoPlist.strings;
			sourceTree = "<group>";
		};
		EF9A74231A02A82600095F07 /* Main.storyboard */ = {
			isa = PBXVariantGroup;
			children = (
				EF9A74241A02A82600095F07 /* Base */,
			);
			name = Main.storyboard;
			sourceTree = "<group>";
		};
		EF9A74391A02A82700095F07 /* InfoPlist.strings */ = {
			isa = PBXVariantGroup;
			children = (
				EF9A743A1A02A82700095F07 /* en */,
			);
			name = InfoPlist.strings;
			sourceTree = "<group>";
		};
/* End PBXVariantGroup section */

/* Begin XCBuildConfiguration section */
		EF9A743E1A02A82700095F07 /* Debug */ = {
			isa = XCBuildConfiguration;
			buildSettings = {
				ALWAYS_SEARCH_USER_PATHS = NO;
				CLANG_CXX_LANGUAGE_STANDARD = "gnu++0x";
				CLANG_CXX_LIBRARY = "libc++";
				CLANG_ENABLE_MODULES = YES;
				CLANG_ENABLE_OBJC_ARC = YES;
				CLANG_WARN_BOOL_CONVERSION = YES;
				CLANG_WARN_CONSTANT_CONVERSION = YES;
				CLANG_WARN_DIRECT_OBJC_ISA_USAGE = YES_ERROR;
				CLANG_WARN_EMPTY_BODY = YES;
				CLANG_WARN_ENUM_CONVERSION = YES;
				CLANG_WARN_INT_CONVERSION = YES;
				CLANG_WARN_OBJC_ROOT_CLASS = YES_ERROR;
				CLANG_WARN__DUPLICATE_METHOD_MATCH = YES;
				"CODE_SIGN_IDENTITY[sdk=iphoneos*]" = "iPhone Developer";
				COPY_PHASE_STRIP = NO;
				GCC_C_LANGUAGE_STANDARD = gnu99;
				GCC_DYNAMIC_NO_PIC = NO;
				GCC_OPTIMIZATION_LEVEL = 0;
				GCC_PREPROCESSOR_DEFINITIONS = (
					"DEBUG=1",
					"$(inherited)",
				);
				GCC_SYMBOLS_PRIVATE_EXTERN = NO;
				GCC_WARN_64_TO_32_BIT_CONVERSION = YES;
				GCC_WARN_ABOUT_RETURN_TYPE = YES_ERROR;
				GCC_WARN_UNDECLARED_SELECTOR = YES;
				GCC_WARN_UNINITIALIZED_AUTOS = YES_AGGRESSIVE;
				GCC_WARN_UNUSED_FUNCTION = YES;
				GCC_WARN_UNUSED_VARIABLE = YES;
				IPHONEOS_DEPLOYMENT_TARGET = 7.1;
				ONLY_ACTIVE_ARCH = YES;
				SDKROOT = iphoneos;
			};
			name = Debug;
		};
		EF9A743F1A02A82700095F07 /* Release */ = {
			isa = XCBuildConfiguration;
			buildSettings = {
				ALWAYS_SEARCH_USER_PATHS = NO;
				CLANG_CXX_LANGUAGE_STANDARD = "gnu++0x";
				CLANG_CXX_LIBRARY = "libc++";
				CLANG_ENABLE_MODULES = YES;
				CLANG_ENABLE_OBJC_ARC = YES;
				CLANG_WARN_BOOL_CONVERSION = YES;
				CLANG_WARN_CONSTANT_CONVERSION = YES;
				CLANG_WARN_DIRECT_OBJC_ISA_USAGE = YES_ERROR;
				CLANG_WARN_EMPTY_BODY = YES;
				CLANG_WARN_ENUM_CONVERSION = YES;
				CLANG_WARN_INT_CONVERSION = YES;
				CLANG_WARN_OBJC_ROOT_CLASS = YES_ERROR;
				CLANG_WARN__DUPLICATE_METHOD_MATCH = YES;
				"CODE_SIGN_IDENTITY[sdk=iphoneos*]" = "iPhone Developer";
				COPY_PHASE_STRIP = YES;
				ENABLE_NS_ASSERTIONS = NO;
				GCC_C_LANGUAGE_STANDARD = gnu99;
				GCC_WARN_64_TO_32_BIT_CONVERSION = YES;
				GCC_WARN_ABOUT_RETURN_TYPE = YES_ERROR;
				GCC_WARN_UNDECLARED_SELECTOR = YES;
				GCC_WARN_UNINITIALIZED_AUTOS = YES_AGGRESSIVE;
				GCC_WARN_UNUSED_FUNCTION = YES;
				GCC_WARN_UNUSED_VARIABLE = YES;
				IPHONEOS_DEPLOYMENT_TARGET = 7.1;
				SDKROOT = iphoneos;
				VALIDATE_PRODUCT = YES;
			};
			name = Release;
		};
		EF9A74411A02A82700095F07 /* Debug */ = {
			isa = XCBuildConfiguration;
			buildSettings = {
				ASSETCATALOG_COMPILER_APPICON_NAME = AppIcon;
				ASSETCATALOG_COMPILER_LAUNCHIMAGE_NAME = LaunchImage;
				GCC_PRECOMPILE_PREFIX_HEADER = YES;
				GCC_PREFIX_HEADER = "qingshow-ios-native/qingshow-ios-native-Prefix.pch";
				INFOPLIST_FILE = "qingshow-ios-native/qingshow-ios-native-Info.plist";
				PRODUCT_NAME = "$(TARGET_NAME)";
				WRAPPER_EXTENSION = app;
			};
			name = Debug;
		};
		EF9A74421A02A82700095F07 /* Release */ = {
			isa = XCBuildConfiguration;
			buildSettings = {
				ASSETCATALOG_COMPILER_APPICON_NAME = AppIcon;
				ASSETCATALOG_COMPILER_LAUNCHIMAGE_NAME = LaunchImage;
				GCC_PRECOMPILE_PREFIX_HEADER = YES;
				GCC_PREFIX_HEADER = "qingshow-ios-native/qingshow-ios-native-Prefix.pch";
				INFOPLIST_FILE = "qingshow-ios-native/qingshow-ios-native-Info.plist";
				PRODUCT_NAME = "$(TARGET_NAME)";
				WRAPPER_EXTENSION = app;
			};
			name = Release;
		};
		EF9A74441A02A82700095F07 /* Debug */ = {
			isa = XCBuildConfiguration;
			buildSettings = {
				BUNDLE_LOADER = "$(BUILT_PRODUCTS_DIR)/qingshow-ios-native.app/qingshow-ios-native";
				FRAMEWORK_SEARCH_PATHS = (
					"$(SDKROOT)/Developer/Library/Frameworks",
					"$(inherited)",
					"$(DEVELOPER_FRAMEWORKS_DIR)",
				);
				GCC_PRECOMPILE_PREFIX_HEADER = YES;
				GCC_PREFIX_HEADER = "qingshow-ios-native/qingshow-ios-native-Prefix.pch";
				GCC_PREPROCESSOR_DEFINITIONS = (
					"DEBUG=1",
					"$(inherited)",
				);
				INFOPLIST_FILE = "qingshow-ios-nativeTests/qingshow-ios-nativeTests-Info.plist";
				PRODUCT_NAME = "$(TARGET_NAME)";
				TEST_HOST = "$(BUNDLE_LOADER)";
				WRAPPER_EXTENSION = xctest;
			};
			name = Debug;
		};
		EF9A74451A02A82700095F07 /* Release */ = {
			isa = XCBuildConfiguration;
			buildSettings = {
				BUNDLE_LOADER = "$(BUILT_PRODUCTS_DIR)/qingshow-ios-native.app/qingshow-ios-native";
				FRAMEWORK_SEARCH_PATHS = (
					"$(SDKROOT)/Developer/Library/Frameworks",
					"$(inherited)",
					"$(DEVELOPER_FRAMEWORKS_DIR)",
				);
				GCC_PRECOMPILE_PREFIX_HEADER = YES;
				GCC_PREFIX_HEADER = "qingshow-ios-native/qingshow-ios-native-Prefix.pch";
				INFOPLIST_FILE = "qingshow-ios-nativeTests/qingshow-ios-nativeTests-Info.plist";
				PRODUCT_NAME = "$(TARGET_NAME)";
				TEST_HOST = "$(BUNDLE_LOADER)";
				WRAPPER_EXTENSION = xctest;
			};
			name = Release;
		};
/* End XCBuildConfiguration section */

/* Begin XCConfigurationList section */
		EF9A74091A02A82600095F07 /* Build configuration list for PBXProject "qingshow-ios-native" */ = {
			isa = XCConfigurationList;
			buildConfigurations = (
				EF9A743E1A02A82700095F07 /* Debug */,
				EF9A743F1A02A82700095F07 /* Release */,
			);
			defaultConfigurationIsVisible = 0;
			defaultConfigurationName = Release;
		};
		EF9A74401A02A82700095F07 /* Build configuration list for PBXNativeTarget "qingshow-ios-native" */ = {
			isa = XCConfigurationList;
			buildConfigurations = (
				EF9A74411A02A82700095F07 /* Debug */,
				EF9A74421A02A82700095F07 /* Release */,
			);
			defaultConfigurationIsVisible = 0;
			defaultConfigurationName = Release;
		};
		EF9A74431A02A82700095F07 /* Build configuration list for PBXNativeTarget "qingshow-ios-nativeTests" */ = {
			isa = XCConfigurationList;
			buildConfigurations = (
				EF9A74441A02A82700095F07 /* Debug */,
				EF9A74451A02A82700095F07 /* Release */,
			);
			defaultConfigurationIsVisible = 0;
			defaultConfigurationName = Release;
		};
/* End XCConfigurationList section */
	};
	rootObject = EF9A74061A02A82600095F07 /* Project object */;
}
